
Microsoft Visual Studio Solution File, Format Version 12.00
# Visual Studio Version 16
VisualStudioVersion = 16.0.30804.86
MinimumVisualStudioVersion = 10.0.40219.1
Project("{8BC9CEB8-8B4A-11D0-8D11-00A0C91BC942}") = "LabDemos", "LabDemos\LabDemos.vcxproj", "{DAD5C64C-3642-44C4-94FF-0F9FB74D58DA}"
EndProject
Project("{8BC9CEB8-8B4A-11D0-8D11-00A0C91BC942}") = "Lab Exercise 1", "Lab Exercise 1\Lab Exercise 1.vcxproj", "{707A562C-52A9-495A-B97B-D6CD3ADCA851}"
EndProject
Global
	GlobalSection(SolutionConfigurationPlatforms) = preSolution
		Debug|x64 = Debug|x64
		Debug|x86 = Debug|x86
		Release|x64 = Release|x64
		Release|x86 = Release|x86
	EndGlobalSection
	GlobalSection(ProjectConfigurationPlatforms) = postSolution
		{DAD5C64C-3642-44C4-94FF-0F9FB74D58DA}.Debug|x64.ActiveCfg = Debug|x64
		{DAD5C64C-3642-44C4-94FF-0F9FB74D58DA}.Debug|x64.Build.0 = Debug|x64
		{DAD5C64C-3642-44C4-94FF-0F9FB74D58DA}.Debug|x86.ActiveCfg = Debug|Win32
		{DAD5C64C-3642-44C4-94FF-0F9FB74D58DA}.Debug|x86.Build.0 = Debug|Win32
		{DAD5C64C-3642-44C4-94FF-0F9FB74D58DA}.Release|x64.ActiveCfg = Release|x64
		{DAD5C64C-3642-44C4-94FF-0F9FB74D58DA}.Release|x64.Build.0 = Release|x64
		{DAD5C64C-3642-44C4-94FF-0F9FB74D58DA}.Release|x86.ActiveCfg = Release|Win32
		{DAD5C64C-3642-44C4-94FF-0F9FB74D58DA}.Release|x86.Build.0 = Release|Win32
		{707A562C-52A9-495A-B97B-D6CD3ADCA851}.Debug|x64.ActiveCfg = Debug|x64
		{707A562C-52A9-495A-B97B-D6CD3ADCA851}.Debug|x64.Build.0 = Debug|x64
		{707A562C-52A9-495A-B97B-D6CD3ADCA851}.Debug|x86.ActiveCfg = Debug|Win32
		{707A562C-52A9-495A-B97B-D6CD3ADCA851}.Debug|x86.Build.0 = Debug|Win32
		{707A562C-52A9-495A-B97B-D6CD3ADCA851}.Release|x64.ActiveCfg = Release|x64
		{707A562C-52A9-495A-B97B-D6CD3ADCA851}.Release|x64.Build.0 = Release|x64
		{707A562C-52A9-495A-B97B-D6CD3ADCA851}.Release|x86.ActiveCfg = Release|Win32
		{707A562C-52A9-495A-B97B-D6CD3ADCA851}.Release|x86.Build.0 = Release|Win32
	EndGlobalSection
	GlobalSection(SolutionProperties) = preSolution
		HideSolutionNode = FALSE
	EndGlobalSection
	GlobalSection(ExtensibilityGlobals) = postSolution
		SolutionGuid = {F59F2DAD-B2A1-424A-A9CF-35E5AF796DB2}
	EndGlobalSection
EndGlobal
